{
  "name": "nexa",
  "version": "0.1.0",
  "lockfileVersion": 3,
  "requires": true,
  "packages": {
    "": {
      "name": "nexa",
      "version": "0.1.0",
      "license": "MIT",
      "workspaces": [
        "packages/*",
        "adapters/*"
      ],
      "engines": {
        "node": ">=20.0.0"
      }
    },
    "adapters/mcp": {
      "name": "@nexa/mcp",
      "version": "0.1.0",
      "license": "MIT"
    },
    "node_modules/@nexa/ast": {
      "resolved": "packages/ast",
      "link": true
    },
    "node_modules/@nexa/capability": {
      "resolved": "packages/capability",
      "link": true
    },
    "node_modules/@nexa/cli": {
      "resolved": "packages/cli",
      "link": true
    },
    "node_modules/@nexa/compiler": {
      "resolved": "packages/compiler",
      "link": true
    },
    "node_modules/@nexa/crypto": {
      "resolved": "packages/crypto",
      "link": true
    },
    "node_modules/@nexa/evidence": {
      "resolved": "packages/evidence",
      "link": true
    },
    "node_modules/@nexa/evolution": {
      "resolved": "packages/evolution",
      "link": true
    },
    "node_modules/@nexa/identity": {
      "resolved": "packages/identity",
      "link": true
    },
    "node_modules/@nexa/learning": {
      "resolved": "packages/learning",
      "link": true
    },
    "node_modules/@nexa/lexer": {
      "resolved": "packages/lexer",
      "link": true
    },
    "node_modules/@nexa/mcp": {
      "resolved": "adapters/mcp",
      "link": true
    },
    "node_modules/@nexa/parser": {
      "resolved": "packages/parser",
      "link": true
    },
    "node_modules/@nexa/policy": {
      "resolved": "packages/policy",
      "link": true
    },
    "node_modules/@nexa/protocol": {
      "resolved": "packages/protocol",
      "link": true
    },
    "node_modules/@nexa/runtime": {
      "resolved": "packages/runtime",
      "link": true
    },
    "packages/ast": {
      "name": "@nexa/ast",
      "version": "0.1.0",
      "license": "MIT"
    },
    "packages/capability": {
      "name": "@nexa/capability",
      "version": "0.1.0",
      "license": "MIT"
    },
    "packages/cli": {
      "name": "@nexa/cli",
      "version": "0.2.0",
      "license": "MIT"
    },
    "packages/compiler": {
      "name": "@nexa/compiler",
      "version": "0.2.0",
      "license": "MIT"
    },
    "packages/crypto": {
      "name": "@nexa/crypto",
      "version": "0.1.0",
      "license": "MIT"
    },
    "packages/evidence": {
      "name": "@nexa/evidence",
      "version": "0.1.0",
      "license": "MIT"
    },
    "packages/evolution": {
      "name": "@nexa/evolution",
      "version": "0.2.0",
      "license": "MIT"
    },
    "packages/identity": {
      "name": "@nexa/identity",
      "version": "0.1.0",
      "license": "MIT"
    },
    "packages/learning": {
      "name": "@nexa/learning",
      "version": "0.2.0"
    },
    "packages/lexer": {
      "name": "@nexa/lexer",
      "version": "0.1.0",
      "license": "MIT"
    },
    "packages/parser": {
      "name": "@nexa/parser",
      "version": "0.1.0",
      "license": "MIT"
    },
    "packages/policy": {
      "name": "@nexa/policy",
      "version": "0.1.0",
      "license": "MIT"
    },
    "packages/protocol": {
      "name": "@nexa/protocol",
      "version": "0.1.0",
      "license": "MIT"
    },
    "packages/runtime": {
      "name": "@nexa/runtime",
      "version": "0.2.0",
      "license": "MIT"
    }
  }
}
